Microsoft Visual Studio Solution File, Format Version 12.00
# Visual Studio Version 17
VisualStudioVersion = 17.1.32407.343
MinimumVisualStudioVersion = 15.0.26124.0
Project("{FAE04EC0-301F-11D3-BF4B-00C04F79EFBC}") = "Zip.InstalmentsService.API", "Zip.InstallmentsService.API\Zip.InstalmentsService.API.csproj", "{6AFB9160-0391-4DCD-8E58-AA952A4123B5}"
EndProject
Project("{FAE04EC0-301F-11D3-BF4B-00C04F79EFBC}") = "Zip.InstalmentsService.Services", "Zip.InstallmentsService.Services\Zip.InstalmentsService.Services.csproj", "{88129DAF-D4B1-4038-A8D7-B3FD20C620FF}"
EndProject
Project("{FAE04EC0-301F-11D3-BF4B-00C04F79EFBC}") = "Zip.InstallmentsService.Data", "Zip.InstallmentsService.Data\Zip.InstallmentsService.Data.csproj", "{F7DEE1C0-3AD1-408F-BB87-DB5086AE9A21}"
EndProject
Project("{FAE04EC0-301F-11D3-BF4B-00C04F79EFBC}") = "Zip.InstallmentsService.Core", "Zip.InstallmentsService.Core\Zip.InstallmentsService.Core.csproj", "{B1A4976C-F78A-43E0-B8F8-7000C8AB1691}"
EndProject
Project("{FAE04EC0-301F-11D3-BF4B-00C04F79EFBC}") = "Zip.InstallmentsService.Tests", "Zip.InstallmentsService.Tests\Zip.InstallmentsService.Tests.csproj", "{B2A9CB42-0125-49E0-A352-4858E0A791DB}"
EndProject
Global
	GlobalSection(SolutionConfigurationPlatforms) = preSolution
		Debug|Any CPU = Debug|Any CPU
		Release|Any CPU = Release|Any CPU
	EndGlobalSection
	GlobalSection(ProjectConfigurationPlatforms) = postSolution
		{6AFB9160-0391-4DCD-8E58-AA952A4123B5}.Debug|Any CPU.ActiveCfg = Debug|Any CPU
		{6AFB9160-0391-4DCD-8E58-AA952A4123B5}.Debug|Any CPU.Build.0 = Debug|Any CPU
		{6AFB9160-0391-4DCD-8E58-AA952A4123B5}.Release|Any CPU.ActiveCfg = Release|Any CPU
		{6AFB9160-0391-4DCD-8E58-AA952A4123B5}.Release|Any CPU.Build.0 = Release|Any CPU
		{88129DAF-D4B1-4038-A8D7-B3FD20C620FF}.Debug|Any CPU.ActiveCfg = Debug|Any CPU
		{88129DAF-D4B1-4038-A8D7-B3FD20C620FF}.Debug|Any CPU.Build.0 = Debug|Any CPU
		{88129DAF-D4B1-4038-A8D7-B3FD20C620FF}.Release|Any CPU.ActiveCfg = Release|Any CPU
		{88129DAF-D4B1-4038-A8D7-B3FD20C620FF}.Release|Any CPU.Build.0 = Release|Any CPU
		{F7DEE1C0-3AD1-408F-BB87-DB5086AE9A21}.Debug|Any CPU.ActiveCfg = Debug|Any CPU
		{F7DEE1C0-3AD1-408F-BB87-DB5086AE9A21}.Debug|Any CPU.Build.0 = Debug|Any CPU
		{F7DEE1C0-3AD1-408F-BB87-DB5086AE9A21}.Release|Any CPU.ActiveCfg = Release|Any CPU
		{F7DEE1C0-3AD1-408F-BB87-DB5086AE9A21}.Release|Any CPU.Build.0 = Release|Any CPU
		{B1A4976C-F78A-43E0-B8F8-7000C8AB1691}.Debug|Any CPU.ActiveCfg = Debug|Any CPU
		{B1A4976C-F78A-43E0-B8F8-7000C8AB1691}.Debug|Any CPU.Build.0 = Debug|Any CPU
		{B1A4976C-F78A-43E0-B8F8-7000C8AB1691}.Release|Any CPU.ActiveCfg = Release|Any CPU
		{B1A4976C-F78A-43E0-B8F8-7000C8AB1691}.Release|Any CPU.Build.0 = Release|Any CPU
		{B2A9CB42-0125-49E0-A352-4858E0A791DB}.Debug|Any CPU.ActiveCfg = Debug|Any CPU
		{B2A9CB42-0125-49E0-A352-4858E0A791DB}.Debug|Any CPU.Build.0 = Debug|Any CPU
		{B2A9CB42-0125-49E0-A352-4858E0A791DB}.Release|Any CPU.ActiveCfg = Release|Any CPU
		{B2A9CB42-0125-49E0-A352-4858E0A791DB}.Release|Any CPU.Build.0 = Release|Any CPU
	EndGlobalSection
	GlobalSection(SolutionProperties) = preSolution
		HideSolutionNode = FALSE
	EndGlobalSection
	GlobalSection(ExtensibilityGlobals) = postSolution
		SolutionGuid = {76ADB790-8969-4329-8187-7B62075F8E27}
	EndGlobalSection
EndGlobal
